<?xml version="1.0" encoding="utf-8"?>
<Project ToolsVersion="4.0" xmlns="http://schemas.microsoft.com/developer/msbuild/2003">
  <ItemGroup>
    <Filter Include="资源文件">
      <UniqueIdentifier>{67DA6AB6-F800-4c08-8B7A-83BB121AAD01}</UniqueIdentifier>
      <Extensions>rc;ico;cur;bmp;dlg;rc2;rct;bin;rgs;gif;jpg;jpeg;jpe;resx;tiff;tif;png;wav;mfcribbon-ms</Extensions>
    </Filter>
    <Filter Include="workers">
      <UniqueIdentifier>{4FC737F1-C7A5-4376-A066-2A32D752A2FF}</UniqueIdentifier>
      <Extensions>cpp;c;cc;cxx;c++;cppm;ixx;def;odl;idl;hpj;bat;asm;asmx</Extensions>
    </Filter>
    <Filter Include="public">
      <UniqueIdentifier>{4cd21db0-d7f8-470d-b68c-37c42cffb1db}</UniqueIdentifier>
    </Filter>
    <Filter Include="gparser">
      <UniqueIdentifier>{1138447e-4390-480c-b9eb-9d5589ceb53a}</UniqueIdentifier>
    </Filter>
    <Filter Include="utils">
      <UniqueIdentifier>{b6832d46-638d-4c48-9f66-ef1c773a85d3}</UniqueIdentifier>
    </Filter>
  </ItemGroup>
  <ItemGroup>
    <ClInclude Include="ring_buffer.hpp">
      <Filter>utils</Filter>
    </ClInclude>
    <ClInclude Include="worker.hpp">
      <Filter>public</Filter>
    </ClInclude>
    <ClInclude Include="code.hpp">
      <Filter>public</Filter>
    </ClInclude>
    <ClInclude Include="gworker.hpp">
      <Filter>workers</Filter>
    </ClInclude>
    <ClInclude Include="gparser\abstree.hpp">
      <Filter>gparser</Filter>
    </ClInclude>
    <ClInclude Include="gparser\address.hpp">
      <Filter>gparser</Filter>
    </ClInclude>
    <ClInclude Include="gparser\block.hpp">
      <Filter>gparser</Filter>
    </ClInclude>
    <ClInclude Include="gparser\exception.hpp">
      <Filter>gparser</Filter>
    </ClInclude>
    <ClInclude Include="gparser\ginterface.hpp">
      <Filter>gparser</Filter>
    </ClInclude>
    <ClInclude Include="gparser\gparser.hpp">
      <Filter>gparser</Filter>
    </ClInclude>
    <ClInclude Include="gparser\grammar.hpp">
      <Filter>gparser</Filter>
    </ClInclude>
    <ClInclude Include="gparser\lexer.hpp">
      <Filter>gparser</Filter>
    </ClInclude>
    <ClInclude Include="gparser\predicate.hpp">
      <Filter>gparser</Filter>
    </ClInclude>
    <ClInclude Include="gparser\production.hpp">
      <Filter>gparser</Filter>
    </ClInclude>
    <ClInclude Include="gparser\syntax.hpp">
      <Filter>gparser</Filter>
    </ClInclude>
    <ClInclude Include="gparser\token.hpp">
      <Filter>gparser</Filter>
    </ClInclude>
    <ClInclude Include="gparser\word.hpp">
      <Filter>gparser</Filter>
    </ClInclude>
    <ClInclude Include="coro.hpp">
      <Filter>utils</Filter>
    </ClInclude>
    <ClInclude Include="pipeline.hpp">
      <Filter>public</Filter>
    </ClInclude>
    <ClInclude Include="array_nd.hpp">
      <Filter>utils</Filter>
    </ClInclude>
    <ClInclude Include="gparser\common.hpp">
      <Filter>gparser</Filter>
    </ClInclude>
  </ItemGroup>
</Project>